
Microsoft Visual Studio Solution File, Format Version 12.00
Project("{FAE04EC0-301F-11D3-BF4B-00C04F79EFBC}") = "Engine", "Engine\Engine.csproj", "{D7A9DE41-02AE-4AEA-B945-E1C884D7B220}"
EndProject
Global
	GlobalSection(SolutionConfigurationPlatforms) = preSolution
		Debug|Any CPU = Debug|Any CPU
		Release|Any CPU = Release|Any CPU
	EndGlobalSection
	GlobalSection(ProjectConfigurationPlatforms) = postSolution
		{D7A9DE41-02AE-4AEA-B945-E1C884D7B220}.Debug|Any CPU.ActiveCfg = Debug|Any CPU
		{D7A9DE41-02AE-4AEA-B945-E1C884D7B220}.Debug|Any CPU.Build.0 = Debug|Any CPU
		{D7A9DE41-02AE-4AEA-B945-E1C884D7B220}.Release|Any CPU.ActiveCfg = Release|Any CPU
		{D7A9DE41-02AE-4AEA-B945-E1C884D7B220}.Release|Any CPU.Build.0 = Release|Any CPU
	EndGlobalSection
EndGlobal
